
Microsoft Visual Studio Solution File, Format Version 12.00
# Visual Studio Version 17
VisualStudioVersion = 17.7.34031.279
MinimumVisualStudioVersion = 10.0.40219.1
Project("{8BC9CEB8-8B4A-11D0-8D11-00A0C91BC942}") = "tables", "tables\tables.vcxproj", "{28994028-AD84-430D-BF39-752CCB12233E}"
EndProject
Project("{8BC9CEB8-8B4A-11D0-8D11-00A0C91BC942}") = "polinom", "polinom\polinom.vcxproj", "{B652B78D-D842-499D-9751-91370373D439}"
EndProject
Project("{8BC9CEB8-8B4A-11D0-8D11-00A0C91BC942}") = "tests", "tests\tests.vcxproj", "{B152FB88-74FB-4E9F-AD26-696D7810B86F}"
EndProject
Global
	GlobalSection(SolutionConfigurationPlatforms) = preSolution
		Debug|x64 = Debug|x64
		Debug|x86 = Debug|x86
		Release|x64 = Release|x64
		Release|x86 = Release|x86
	EndGlobalSection
	GlobalSection(ProjectConfigurationPlatforms) = postSolution
		{28994028-AD84-430D-BF39-752CCB12233E}.Debug|x64.ActiveCfg = Debug|x64
		{28994028-AD84-430D-BF39-752CCB12233E}.Debug|x64.Build.0 = Debug|x64
		{28994028-AD84-430D-BF39-752CCB12233E}.Debug|x86.ActiveCfg = Debug|Win32
		{28994028-AD84-430D-BF39-752CCB12233E}.Debug|x86.Build.0 = Debug|Win32
		{28994028-AD84-430D-BF39-752CCB12233E}.Release|x64.ActiveCfg = Release|x64
		{28994028-AD84-430D-BF39-752CCB12233E}.Release|x64.Build.0 = Release|x64
		{28994028-AD84-430D-BF39-752CCB12233E}.Release|x86.ActiveCfg = Release|Win32
		{28994028-AD84-430D-BF39-752CCB12233E}.Release|x86.Build.0 = Release|Win32
		{B652B78D-D842-499D-9751-91370373D439}.Debug|x64.ActiveCfg = Debug|x64
		{B652B78D-D842-499D-9751-91370373D439}.Debug|x64.Build.0 = Debug|x64
		{B652B78D-D842-499D-9751-91370373D439}.Debug|x86.ActiveCfg = Debug|Win32
		{B652B78D-D842-499D-9751-91370373D439}.Debug|x86.Build.0 = Debug|Win32
		{B652B78D-D842-499D-9751-91370373D439}.Release|x64.ActiveCfg = Release|x64
		{B652B78D-D842-499D-9751-91370373D439}.Release|x64.Build.0 = Release|x64
		{B652B78D-D842-499D-9751-91370373D439}.Release|x86.ActiveCfg = Release|Win32
		{B652B78D-D842-499D-9751-91370373D439}.Release|x86.Build.0 = Release|Win32
		{B152FB88-74FB-4E9F-AD26-696D7810B86F}.Debug|x64.ActiveCfg = Debug|x64
		{B152FB88-74FB-4E9F-AD26-696D7810B86F}.Debug|x64.Build.0 = Debug|x64
		{B152FB88-74FB-4E9F-AD26-696D7810B86F}.Debug|x86.ActiveCfg = Debug|Win32
		{B152FB88-74FB-4E9F-AD26-696D7810B86F}.Debug|x86.Build.0 = Debug|Win32
		{B152FB88-74FB-4E9F-AD26-696D7810B86F}.Release|x64.ActiveCfg = Release|x64
		{B152FB88-74FB-4E9F-AD26-696D7810B86F}.Release|x64.Build.0 = Release|x64
		{B152FB88-74FB-4E9F-AD26-696D7810B86F}.Release|x86.ActiveCfg = Release|Win32
		{B152FB88-74FB-4E9F-AD26-696D7810B86F}.Release|x86.Build.0 = Release|Win32
	EndGlobalSection
	GlobalSection(SolutionProperties) = preSolution
		HideSolutionNode = FALSE
	EndGlobalSection
	GlobalSection(ExtensibilityGlobals) = postSolution
		SolutionGuid = {147A7750-EEB4-4000-9705-647B1C3EC6A1}
	EndGlobalSection
EndGlobal
